// !$*UTF8*$!
{
	archiveVersion = 1;
	classes = {
	};
	objectVersion = 46;
	objects = {

/* Begin PBXBuildFile section */
		A03335F11F09DCFF00BF8364 /* LZModuleListCellPad.m in Sources */ = {isa = PBXBuildFile; fileRef = A03335F01F09DCFF00BF8364 /* LZModuleListCellPad.m */; };
		A03335FB1F09E3C800BF8364 /* LZUtil.m in Sources */ = {isa = PBXBuildFile; fileRef = A03335FA1F09E3C800BF8364 /* LZUtil.m */; };
		A03335FC1F09E3C800BF8364 /* LZUtil.m in Sources */ = {isa = PBXBuildFile; fileRef = A03335FA1F09E3C800BF8364 /* LZUtil.m */; };
		A03336001F09EBFD00BF8364 /* pad_mplus_menu_message_on@2x.png in Resources */ = {isa = PBXBuildFile; fileRef = A03335FE1F09EBFD00BF8364 /* pad_mplus_menu_message_on@2x.png */; };
		A03336011F09EBFD00BF8364 /* pad_mplus_menu_message@2x.png in Resources */ = {isa = PBXBuildFile; fileRef = A03335FF1F09EBFD00BF8364 /* pad_mplus_menu_message@2x.png */; };
		A03336041F09EC1800BF8364 /* pad_mplus_menu_contact_on@2x.png in Resources */ = {isa = PBXBuildFile; fileRef = A03336021F09EC1800BF8364 /* pad_mplus_menu_contact_on@2x.png */; };
		A03336051F09EC1800BF8364 /* pad_mplus_menu_contact@2x.png in Resources */ = {isa = PBXBuildFile; fileRef = A03336031F09EC1800BF8364 /* pad_mplus_menu_contact@2x.png */; };
		A03336081F09EC2C00BF8364 /* pad_mplus_menu_work_on@2x.png in Resources */ = {isa = PBXBuildFile; fileRef = A03336061F09EC2C00BF8364 /* pad_mplus_menu_work_on@2x.png */; };
		A03336091F09EC2C00BF8364 /* pad_mplus_menu_work@2x.png in Resources */ = {isa = PBXBuildFile; fileRef = A03336071F09EC2C00BF8364 /* pad_mplus_menu_work@2x.png */; };
		A033360C1F09EC7100BF8364 /* pad_mplus_menu_doc_on@2x.png in Resources */ = {isa = PBXBuildFile; fileRef = A033360A1F09EC7100BF8364 /* pad_mplus_menu_doc_on@2x.png */; };
		A033360D1F09EC7100BF8364 /* pad_mplus_menu_doc@2x.png in Resources */ = {isa = PBXBuildFile; fileRef = A033360B1F09EC7100BF8364 /* pad_mplus_menu_doc@2x.png */; };
		A03336101F09ECB500BF8364 /* pad_mplus_menu_more_on@2x.png in Resources */ = {isa = PBXBuildFile; fileRef = A033360E1F09ECB500BF8364 /* pad_mplus_menu_more_on@2x.png */; };
		A03336111F09ECB500BF8364 /* pad_mplus_menu_more@2x.png in Resources */ = {isa = PBXBuildFile; fileRef = A033360F1F09ECB500BF8364 /* pad_mplus_menu_more@2x.png */; };
		A03336181F09F1F600BF8364 /* pad_mplus_logo@2x.png in Resources */ = {isa = PBXBuildFile; fileRef = A03336171F09F1F600BF8364 /* pad_mplus_logo@2x.png */; };
		A033361C1F09F56E00BF8364 /* LZMoreViewControllerPad.m in Sources */ = {isa = PBXBuildFile; fileRef = A033361B1F09F56E00BF8364 /* LZMoreViewControllerPad.m */; };
		A033361F1F09F67C00BF8364 /* LZMessageViewControllerPad.m in Sources */ = {isa = PBXBuildFile; fileRef = A033361E1F09F67C00BF8364 /* LZMessageViewControllerPad.m */; };
		A03336221F09F69B00BF8364 /* LZMessageLevelTwoViewControllerPad.m in Sources */ = {isa = PBXBuildFile; fileRef = A03336211F09F69B00BF8364 /* LZMessageLevelTwoViewControllerPad.m */; };
		A03336251F09F6F000BF8364 /* LZWorkTableViewControllerPad.m in Sources */ = {isa = PBXBuildFile; fileRef = A03336241F09F6F000BF8364 /* LZWorkTableViewControllerPad.m */; };
		A03336281F09F74D00BF8364 /* LZContactViewControllerPad.m in Sources */ = {isa = PBXBuildFile; fileRef = A03336271F09F74D00BF8364 /* LZContactViewControllerPad.m */; };
		A08279CB1F073217003CF5D0 /* LZModuleInfoPad.m in Sources */ = {isa = PBXBuildFile; fileRef = A08279CA1F073217003CF5D0 /* LZModuleInfoPad.m */; };
		A0A4A2D31F0621FD00FF15FF /* main.m in Sources */ = {isa = PBXBuildFile; fileRef = A0A4A2D21F0621FD00FF15FF /* main.m */; };
		A0A4A2D61F0621FD00FF15FF /* AppDelegate.m in Sources */ = {isa = PBXBuildFile; fileRef = A0A4A2D51F0621FD00FF15FF /* AppDelegate.m */; };
		A0A4A2D91F0621FD00FF15FF /* ViewController.m in Sources */ = {isa = PBXBuildFile; fileRef = A0A4A2D81F0621FD00FF15FF /* ViewController.m */; };
		A0A4A2DC1F0621FD00FF15FF /* Main.storyboard in Resources */ = {isa = PBXBuildFile; fileRef = A0A4A2DA1F0621FD00FF15FF /* Main.storyboard */; };
		A0A4A2DE1F0621FD00FF15FF /* Assets.xcassets in Resources */ = {isa = PBXBuildFile; fileRef = A0A4A2DD1F0621FD00FF15FF /* Assets.xcassets */; };
		A0A4A2E11F0621FD00FF15FF /* LaunchScreen.storyboard in Resources */ = {isa = PBXBuildFile; fileRef = A0A4A2DF1F0621FD00FF15FF /* LaunchScreen.storyboard */; };
		A0A4A3061F06234C00FF15FF /* ViewController.m in Sources */ = {isa = PBXBuildFile; fileRef = A0A4A2D81F0621FD00FF15FF /* ViewController.m */; };
		A0A4A3071F06234C00FF15FF /* AppDelegate.m in Sources */ = {isa = PBXBuildFile; fileRef = A0A4A2D51F0621FD00FF15FF /* AppDelegate.m */; };
		A0A4A3081F06234C00FF15FF /* main.m in Sources */ = {isa = PBXBuildFile; fileRef = A0A4A2D21F0621FD00FF15FF /* main.m */; };
		A0A4A30B1F06234C00FF15FF /* LaunchScreen.storyboard in Resources */ = {isa = PBXBuildFile; fileRef = A0A4A2DF1F0621FD00FF15FF /* LaunchScreen.storyboard */; };
		A0A4A30C1F06234C00FF15FF /* Assets.xcassets in Resources */ = {isa = PBXBuildFile; fileRef = A0A4A2DD1F0621FD00FF15FF /* Assets.xcassets */; };
		A0A4A30D1F06234C00FF15FF /* Main.storyboard in Resources */ = {isa = PBXBuildFile; fileRef = A0A4A2DA1F0621FD00FF15FF /* Main.storyboard */; };
		A0A4A34A1F06384900FF15FF /* LZRootViewController.m in Sources */ = {isa = PBXBuildFile; fileRef = A0A4A3491F06384900FF15FF /* LZRootViewController.m */; };
		A0A4A3531F063FD500FF15FF /* M-plusHD-Info.plist in Resources */ = {isa = PBXBuildFile; fileRef = A0A4A3521F063FD500FF15FF /* M-plusHD-Info.plist */; };
		A0A4A35C1F06420A00FF15FF /* LZBaseViewControllerPad.m in Sources */ = {isa = PBXBuildFile; fileRef = A0A4A35B1F06420A00FF15FF /* LZBaseViewControllerPad.m */; };
		A0A4A3651F06430800FF15FF /* LZRootViewControllerPad.m in Sources */ = {isa = PBXBuildFile; fileRef = A0A4A3641F06430800FF15FF /* LZRootViewControllerPad.m */; };
		A0A4A3681F06432900FF15FF /* LZMainViewControllerPad.m in Sources */ = {isa = PBXBuildFile; fileRef = A0A4A3671F06432900FF15FF /* LZMainViewControllerPad.m */; };
		A0A4A36B1F064E0F00FF15FF /* LZNavigationViewControllerPad.m in Sources */ = {isa = PBXBuildFile; fileRef = A0A4A36A1F064E0F00FF15FF /* LZNavigationViewControllerPad.m */; };
		A0F20BB71F0B41B700163625 /* LZMoreLevelTwoViewControllerPad.m in Sources */ = {isa = PBXBuildFile; fileRef = A0F20BB61F0B41B700163625 /* LZMoreLevelTwoViewControllerPad.m */; };
		A0F20BBA1F0B41DD00163625 /* LZContactLevelTwoViewController.m in Sources */ = {isa = PBXBuildFile; fileRef = A0F20BB91F0B41DD00163625 /* LZContactLevelTwoViewController.m */; };
/* End PBXBuildFile section */

/* Begin PBXFileReference section */
		A03335EF1F09DCFF00BF8364 /* LZModuleListCellPad.h */ = {isa = PBXFileReference; fileEncoding = 4; lastKnownFileType = sourcecode.c.h; path = LZModuleListCellPad.h; sourceTree = "<group>"; };
		A03335F01F09DCFF00BF8364 /* LZModuleListCellPad.m */ = {isa = PBXFileReference; fileEncoding = 4; lastKnownFileType = sourcecode.c.objc; path = LZModuleListCellPad.m; sourceTree = "<group>"; };
		A03335F91F09E3C800BF8364 /* LZUtil.h */ = {isa = PBXFileReference; fileEncoding = 4; lastKnownFileType = sourcecode.c.h; path = LZUtil.h; sourceTree = "<group>"; };
		A03335FA1F09E3C800BF8364 /* LZUtil.m */ = {isa = PBXFileReference; fileEncoding = 4; lastKnownFileType = sourcecode.c.objc; path = LZUtil.m; sourceTree = "<group>"; };
		A03335FE1F09EBFD00BF8364 /* pad_mplus_menu_message_on@2x.png */ = {isa = PBXFileReference; lastKnownFileType = image.png; path = "pad_mplus_menu_message_on@2x.png"; sourceTree = "<group>"; };
		A03335FF1F09EBFD00BF8364 /* pad_mplus_menu_message@2x.png */ = {isa = PBXFileReference; lastKnownFileType = image.png; path = "pad_mplus_menu_message@2x.png"; sourceTree = "<group>"; };
		A03336021F09EC1800BF8364 /* pad_mplus_menu_contact_on@2x.png */ = {isa = PBXFileReference; lastKnownFileType = image.png; path = "pad_mplus_menu_contact_on@2x.png"; sourceTree = "<group>"; };
		A03336031F09EC1800BF8364 /* pad_mplus_menu_contact@2x.png */ = {isa = PBXFileReference; lastKnownFileType = image.png; path = "pad_mplus_menu_contact@2x.png"; sourceTree = "<group>"; };
		A03336061F09EC2C00BF8364 /* pad_mplus_menu_work_on@2x.png */ = {isa = PBXFileReference; lastKnownFileType = image.png; path = "pad_mplus_menu_work_on@2x.png"; sourceTree = "<group>"; };
		A03336071F09EC2C00BF8364 /* pad_mplus_menu_work@2x.png */ = {isa = PBXFileReference; lastKnownFileType = image.png; path = "pad_mplus_menu_work@2x.png"; sourceTree = "<group>"; };
		A033360A1F09EC7100BF8364 /* pad_mplus_menu_doc_on@2x.png */ = {isa = PBXFileReference; lastKnownFileType = image.png; path = "pad_mplus_menu_doc_on@2x.png"; sourceTree = "<group>"; };
		A033360B1F09EC7100BF8364 /* pad_mplus_menu_doc@2x.png */ = {isa = PBXFileReference; lastKnownFileType = image.png; path = "pad_mplus_menu_doc@2x.png"; sourceTree = "<group>"; };
		A033360E1F09ECB500BF8364 /* pad_mplus_menu_more_on@2x.png */ = {isa = PBXFileReference; lastKnownFileType = image.png; path = "pad_mplus_menu_more_on@2x.png"; sourceTree = "<group>"; };
		A033360F1F09ECB500BF8364 /* pad_mplus_menu_more@2x.png */ = {isa = PBXFileReference; lastKnownFileType = image.png; path = "pad_mplus_menu_more@2x.png"; sourceTree = "<group>"; };
		A03336171F09F1F600BF8364 /* pad_mplus_logo@2x.png */ = {isa = PBXFileReference; lastKnownFileType = image.png; path = "pad_mplus_logo@2x.png"; sourceTree = "<group>"; };
		A033361A1F09F56E00BF8364 /* LZMoreViewControllerPad.h */ = {isa = PBXFileReference; fileEncoding = 4; lastKnownFileType = sourcecode.c.h; path = LZMoreViewControllerPad.h; sourceTree = "<group>"; };
		A033361B1F09F56E00BF8364 /* LZMoreViewControllerPad.m */ = {isa = PBXFileReference; fileEncoding = 4; lastKnownFileType = sourcecode.c.objc; path = LZMoreViewControllerPad.m; sourceTree = "<group>"; };
		A033361D1F09F67C00BF8364 /* LZMessageViewControllerPad.h */ = {isa = PBXFileReference; fileEncoding = 4; lastKnownFileType = sourcecode.c.h; path = LZMessageViewControllerPad.h; sourceTree = "<group>"; };
		A033361E1F09F67C00BF8364 /* LZMessageViewControllerPad.m */ = {isa = PBXFileReference; fileEncoding = 4; lastKnownFileType = sourcecode.c.objc; path = LZMessageViewControllerPad.m; sourceTree = "<group>"; };
		A03336201F09F69B00BF8364 /* LZMessageLevelTwoViewControllerPad.h */ = {isa = PBXFileReference; fileEncoding = 4; lastKnownFileType = sourcecode.c.h; name = LZMessageLevelTwoViewControllerPad.h; path = "M-plus/ipad/LZModule/messageLevelTwoView/LZMessageLevelTwoViewControllerPad.h"; sourceTree = SOURCE_ROOT; };
		A03336211F09F69B00BF8364 /* LZMessageLevelTwoViewControllerPad.m */ = {isa = PBXFileReference; fileEncoding = 4; lastKnownFileType = sourcecode.c.objc; name = LZMessageLevelTwoViewControllerPad.m; path = "M-plus/ipad/LZModule/messageLevelTwoView/LZMessageLevelTwoViewControllerPad.m"; sourceTree = SOURCE_ROOT; };
		A03336231F09F6F000BF8364 /* LZWorkTableViewControllerPad.h */ = {isa = PBXFileReference; fileEncoding = 4; lastKnownFileType = sourcecode.c.h; path = LZWorkTableViewControllerPad.h; sourceTree = "<group>"; };
		A03336241F09F6F000BF8364 /* LZWorkTableViewControllerPad.m */ = {isa = PBXFileReference; fileEncoding = 4; lastKnownFileType = sourcecode.c.objc; path = LZWorkTableViewControllerPad.m; sourceTree = "<group>"; };
		A03336261F09F74D00BF8364 /* LZContactViewControllerPad.h */ = {isa = PBXFileReference; fileEncoding = 4; lastKnownFileType = sourcecode.c.h; path = LZContactViewControllerPad.h; sourceTree = "<group>"; };
		A03336271F09F74D00BF8364 /* LZContactViewControllerPad.m */ = {isa = PBXFileReference; fileEncoding = 4; lastKnownFileType = sourcecode.c.objc; path = LZContactViewControllerPad.m; sourceTree = "<group>"; };
		A08279C91F073217003CF5D0 /* LZModuleInfoPad.h */ = {isa = PBXFileReference; fileEncoding = 4; lastKnownFileType = sourcecode.c.h; path = LZModuleInfoPad.h; sourceTree = "<group>"; };
		A08279CA1F073217003CF5D0 /* LZModuleInfoPad.m */ = {isa = PBXFileReference; fileEncoding = 4; lastKnownFileType = sourcecode.c.objc; path = LZModuleInfoPad.m; sourceTree = "<group>"; };
		A0A4A2CE1F0621FD00FF15FF /* M-plus.app */ = {isa = PBXFileReference; explicitFileType = wrapper.application; includeInIndex = 0; path = "M-plus.app"; sourceTree = BUILT_PRODUCTS_DIR; };
		A0A4A2D21F0621FD00FF15FF /* main.m */ = {isa = PBXFileReference; lastKnownFileType = sourcecode.c.objc; path = main.m; sourceTree = "<group>"; };
		A0A4A2D41F0621FD00FF15FF /* AppDelegate.h */ = {isa = PBXFileReference; lastKnownFileType = sourcecode.c.h; path = AppDelegate.h; sourceTree = "<group>"; };
		A0A4A2D51F0621FD00FF15FF /* AppDelegate.m */ = {isa = PBXFileReference; lastKnownFileType = sourcecode.c.objc; path = AppDelegate.m; sourceTree = "<group>"; };
		A0A4A2D71F0621FD00FF15FF /* ViewController.h */ = {isa = PBXFileReference; lastKnownFileType = sourcecode.c.h; path = ViewController.h; sourceTree = "<group>"; };
		A0A4A2D81F0621FD00FF15FF /* ViewController.m */ = {isa = PBXFileReference; lastKnownFileType = sourcecode.c.objc; path = ViewController.m; sourceTree = "<group>"; };
		A0A4A2DB1F0621FD00FF15FF /* Base */ = {isa = PBXFileReference; lastKnownFileType = file.storyboard; name = Base; path = Base.lproj/Main.storyboard; sourceTree = "<group>"; };
		A0A4A2DD1F0621FD00FF15FF /* Assets.xcassets */ = {isa = PBXFileReference; lastKnownFileType = folder.assetcatalog; path = Assets.xcassets; sourceTree = "<group>"; };
		A0A4A2E01F0621FD00FF15FF /* Base */ = {isa = PBXFileReference; lastKnownFileType = file.storyboard; name = Base; path = Base.lproj/LaunchScreen.storyboard; sourceTree = "<group>"; };
		A0A4A2E21F0621FD00FF15FF /* Info.plist */ = {isa = PBXFileReference; lastKnownFileType = text.plist.xml; path = Info.plist; sourceTree = "<group>"; };
		A0A4A3111F06234C00FF15FF /* M-plusHD.app */ = {isa = PBXFileReference; explicitFileType = wrapper.application; includeInIndex = 0; path = "M-plusHD.app"; sourceTree = BUILT_PRODUCTS_DIR; };
		A0A4A3481F06384900FF15FF /* LZRootViewController.h */ = {isa = PBXFileReference; fileEncoding = 4; lastKnownFileType = sourcecode.c.h; path = LZRootViewController.h; sourceTree = "<group>"; };
		A0A4A3491F06384900FF15FF /* LZRootViewController.m */ = {isa = PBXFileReference; fileEncoding = 4; lastKnownFileType = sourcecode.c.objc; path = LZRootViewController.m; sourceTree = "<group>"; };
		A0A4A3521F063FD500FF15FF /* M-plusHD-Info.plist */ = {isa = PBXFileReference; fileEncoding = 4; lastKnownFileType = text.plist.xml; path = "M-plusHD-Info.plist"; sourceTree = "<group>"; };
		A0A4A35A1F06420A00FF15FF /* LZBaseViewControllerPad.h */ = {isa = PBXFileReference; fileEncoding = 4; lastKnownFileType = sourcecode.c.h; path = LZBaseViewControllerPad.h; sourceTree = "<group>"; };
		A0A4A35B1F06420A00FF15FF /* LZBaseViewControllerPad.m */ = {isa = PBXFileReference; fileEncoding = 4; lastKnownFileType = sourcecode.c.objc; path = LZBaseViewControllerPad.m; sourceTree = "<group>"; };
		A0A4A3631F06430800FF15FF /* LZRootViewControllerPad.h */ = {isa = PBXFileReference; fileEncoding = 4; lastKnownFileType = sourcecode.c.h; path = LZRootViewControllerPad.h; sourceTree = "<group>"; };
		A0A4A3641F06430800FF15FF /* LZRootViewControllerPad.m */ = {isa = PBXFileReference; fileEncoding = 4; lastKnownFileType = sourcecode.c.objc; path = LZRootViewControllerPad.m; sourceTree = "<group>"; };
		A0A4A3661F06432900FF15FF /* LZMainViewControllerPad.h */ = {isa = PBXFileReference; fileEncoding = 4; lastKnownFileType = sourcecode.c.h; path = LZMainViewControllerPad.h; sourceTree = "<group>"; };
		A0A4A3671F06432900FF15FF /* LZMainViewControllerPad.m */ = {isa = PBXFileReference; fileEncoding = 4; lastKnownFileType = sourcecode.c.objc; path = LZMainViewControllerPad.m; sourceTree = "<group>"; };
		A0A4A3691F064E0F00FF15FF /* LZNavigationViewControllerPad.h */ = {isa = PBXFileReference; fileEncoding = 4; lastKnownFileType = sourcecode.c.h; path = LZNavigationViewControllerPad.h; sourceTree = "<group>"; };
		A0A4A36A1F064E0F00FF15FF /* LZNavigationViewControllerPad.m */ = {isa = PBXFileReference; fileEncoding = 4; lastKnownFileType = sourcecode.c.objc; path = LZNavigationViewControllerPad.m; sourceTree = "<group>"; };
		A0F20BB51F0B41B700163625 /* LZMoreLevelTwoViewControllerPad.h */ = {isa = PBXFileReference; fileEncoding = 4; lastKnownFileType = sourcecode.c.h; path = LZMoreLevelTwoViewControllerPad.h; sourceTree = "<group>"; };
		A0F20BB61F0B41B700163625 /* LZMoreLevelTwoViewControllerPad.m */ = {isa = PBXFileReference; fileEncoding = 4; lastKnownFileType = sourcecode.c.objc; path = LZMoreLevelTwoViewControllerPad.m; sourceTree = "<group>"; };
		A0F20BB81F0B41DD00163625 /* LZContactLevelTwoViewController.h */ = {isa = PBXFileReference; fileEncoding = 4; lastKnownFileType = sourcecode.c.h; path = LZContactLevelTwoViewController.h; sourceTree = "<group>"; };
		A0F20BB91F0B41DD00163625 /* LZContactLevelTwoViewController.m */ = {isa = PBXFileReference; fileEncoding = 4; lastKnownFileType = sourcecode.c.objc; path = LZContactLevelTwoViewController.m; sourceTree = "<group>"; };
/* End PBXFileReference section */

/* Begin PBXFrameworksBuildPhase section */
		A0A4A2CB1F0621FD00FF15FF /* Frameworks */ = {
			isa = PBXFrameworksBuildPhase;
			buildActionMask = 2147483647;
			files = (
			);
			runOnlyForDeploymentPostprocessing = 0;
		};
		A0A4A3091F06234C00FF15FF /* Frameworks */ = {
			isa = PBXFrameworksBuildPhase;
			buildActionMask = 2147483647;
			files = (
			);
			runOnlyForDeploymentPostprocessing = 0;
		};
/* End PBXFrameworksBuildPhase section */

/* Begin PBXGroup section */
		A03335F41F09E39600BF8364 /* common */ = {
			isa = PBXGroup;
			children = (
				A03335F91F09E3C800BF8364 /* LZUtil.h */,
				A03335FA1F09E3C800BF8364 /* LZUtil.m */,
			);
			path = common;
			sourceTree = "<group>";
		};
		A03335FD1F09EBD600BF8364 /* source */ = {
			isa = PBXGroup;
			children = (
				A03336171F09F1F600BF8364 /* pad_mplus_logo@2x.png */,
				A033360E1F09ECB500BF8364 /* pad_mplus_menu_more_on@2x.png */,
				A033360F1F09ECB500BF8364 /* pad_mplus_menu_more@2x.png */,
				A033360A1F09EC7100BF8364 /* pad_mplus_menu_doc_on@2x.png */,
				A033360B1F09EC7100BF8364 /* pad_mplus_menu_doc@2x.png */,
				A03336061F09EC2C00BF8364 /* pad_mplus_menu_work_on@2x.png */,
				A03336071F09EC2C00BF8364 /* pad_mplus_menu_work@2x.png */,
				A03335FE1F09EBFD00BF8364 /* pad_mplus_menu_message_on@2x.png */,
				A03335FF1F09EBFD00BF8364 /* pad_mplus_menu_message@2x.png */,
				A03336021F09EC1800BF8364 /* pad_mplus_menu_contact_on@2x.png */,
				A03336031F09EC1800BF8364 /* pad_mplus_menu_contact@2x.png */,
			);
			path = source;
			sourceTree = "<group>";
		};
		A03336121F09F01900BF8364 /* LZModule */ = {
			isa = PBXGroup;
			children = (
				A03336191F09F4EE00BF8364 /* more */,
				A03336131F09F01900BF8364 /* contact */,
				A03336141F09F01900BF8364 /* message */,
				A03336161F09F01900BF8364 /* workTable */,
			);
			path = LZModule;
			sourceTree = "<group>";
		};
		A03336131F09F01900BF8364 /* contact */ = {
			isa = PBXGroup;
			children = (
				A03336261F09F74D00BF8364 /* LZContactViewControllerPad.h */,
				A03336271F09F74D00BF8364 /* LZContactViewControllerPad.m */,
				A0F20BB81F0B41DD00163625 /* LZContactLevelTwoViewController.h */,
				A0F20BB91F0B41DD00163625 /* LZContactLevelTwoViewController.m */,
			);
			path = contact;
			sourceTree = "<group>";
		};
		A03336141F09F01900BF8364 /* message */ = {
			isa = PBXGroup;
			children = (
				A033361D1F09F67C00BF8364 /* LZMessageViewControllerPad.h */,
				A033361E1F09F67C00BF8364 /* LZMessageViewControllerPad.m */,
				A03336201F09F69B00BF8364 /* LZMessageLevelTwoViewControllerPad.h */,
				A03336211F09F69B00BF8364 /* LZMessageLevelTwoViewControllerPad.m */,
			);
			path = message;
			sourceTree = "<group>";
		};
		A03336161F09F01900BF8364 /* workTable */ = {
			isa = PBXGroup;
			children = (
				A03336231F09F6F000BF8364 /* LZWorkTableViewControllerPad.h */,
				A03336241F09F6F000BF8364 /* LZWorkTableViewControllerPad.m */,
			);
			path = workTable;
			sourceTree = "<group>";
		};
		A03336191F09F4EE00BF8364 /* more */ = {
			isa = PBXGroup;
			children = (
				A033361A1F09F56E00BF8364 /* LZMoreViewControllerPad.h */,
				A033361B1F09F56E00BF8364 /* LZMoreViewControllerPad.m */,
				A0F20BB51F0B41B700163625 /* LZMoreLevelTwoViewControllerPad.h */,
				A0F20BB61F0B41B700163625 /* LZMoreLevelTwoViewControllerPad.m */,
			);
			name = more;
			path = workTable/more;
			sourceTree = "<group>";
		};
		A08279C81F07316C003CF5D0 /* Model */ = {
			isa = PBXGroup;
			children = (
				A08279C91F073217003CF5D0 /* LZModuleInfoPad.h */,
				A08279CA1F073217003CF5D0 /* LZModuleInfoPad.m */,
			);
			name = Model;
			sourceTree = "<group>";
		};
		A0A4A2C51F0621FD00FF15FF = {
			isa = PBXGroup;
			children = (
				A0A4A2D01F0621FD00FF15FF /* M-plus */,
				A0A4A2CF1F0621FD00FF15FF /* Products */,
			);
			sourceTree = "<group>";
		};
		A0A4A2CF1F0621FD00FF15FF /* Products */ = {
			isa = PBXGroup;
			children = (
				A0A4A2CE1F0621FD00FF15FF /* M-plus.app */,
				A0A4A3111F06234C00FF15FF /* M-plusHD.app */,
			);
			name = Products;
			sourceTree = "<group>";
		};
		A0A4A2D01F0621FD00FF15FF /* M-plus */ = {
			isa = PBXGroup;
			children = (
				A0A4A3461F06377A00FF15FF /* ipad */,
				A0A4A3451F06376B00FF15FF /* iphone */,
				A0A4A3471F0637A100FF15FF /* M-plus */,
				A0A4A2D11F0621FD00FF15FF /* Supporting Files */,
			);
			path = "M-plus";
			sourceTree = "<group>";
		};
		A0A4A2D11F0621FD00FF15FF /* Supporting Files */ = {
			isa = PBXGroup;
			children = (
				A0A4A2D21F0621FD00FF15FF /* main.m */,
			);
			name = "Supporting Files";
			sourceTree = "<group>";
		};
		A0A4A3451F06376B00FF15FF /* iphone */ = {
			isa = PBXGroup;
			children = (
				A0A4A3481F06384900FF15FF /* LZRootViewController.h */,
				A0A4A3491F06384900FF15FF /* LZRootViewController.m */,
			);
			path = iphone;
			sourceTree = "<group>";
		};
		A0A4A3461F06377A00FF15FF /* ipad */ = {
			isa = PBXGroup;
			children = (
				A03336121F09F01900BF8364 /* LZModule */,
				A03335FD1F09EBD600BF8364 /* source */,
				A0A4A3541F0641A600FF15FF /* LZBase */,
				A0A4A3551F0641B500FF15FF /* LZRoot */,
				A0A4A3561F0641BD00FF15FF /* LZMain */,
				A0A4A36C1F064E1500FF15FF /* LZNavigation */,
			);
			path = ipad;
			sourceTree = "<group>";
		};
		A0A4A3471F0637A100FF15FF /* M-plus */ = {
			isa = PBXGroup;
			children = (
				A03335F41F09E39600BF8364 /* common */,
				A0A4A2D41F0621FD00FF15FF /* AppDelegate.h */,
				A0A4A2D51F0621FD00FF15FF /* AppDelegate.m */,
				A0A4A2D71F0621FD00FF15FF /* ViewController.h */,
				A0A4A2D81F0621FD00FF15FF /* ViewController.m */,
				A0A4A2DA1F0621FD00FF15FF /* Main.storyboard */,
				A0A4A2DD1F0621FD00FF15FF /* Assets.xcassets */,
				A0A4A2DF1F0621FD00FF15FF /* LaunchScreen.storyboard */,
				A0A4A2E21F0621FD00FF15FF /* Info.plist */,
				A0A4A3521F063FD500FF15FF /* M-plusHD-Info.plist */,
			);
			name = "M-plus";
			sourceTree = "<group>";
		};
		A0A4A3541F0641A600FF15FF /* LZBase */ = {
			isa = PBXGroup;
			children = (
				A0A4A35A1F06420A00FF15FF /* LZBaseViewControllerPad.h */,
				A0A4A35B1F06420A00FF15FF /* LZBaseViewControllerPad.m */,
			);
			name = LZBase;
			sourceTree = "<group>";
		};
		A0A4A3551F0641B500FF15FF /* LZRoot */ = {
			isa = PBXGroup;
			children = (
				A0A4A3631F06430800FF15FF /* LZRootViewControllerPad.h */,
				A0A4A3641F06430800FF15FF /* LZRootViewControllerPad.m */,
			);
			name = LZRoot;
			sourceTree = "<group>";
		};
		A0A4A3561F0641BD00FF15FF /* LZMain */ = {
			isa = PBXGroup;
			children = (
				A08279C81F07316C003CF5D0 /* Model */,
				A0A4A3661F06432900FF15FF /* LZMainViewControllerPad.h */,
				A0A4A3671F06432900FF15FF /* LZMainViewControllerPad.m */,
				A03335EF1F09DCFF00BF8364 /* LZModuleListCellPad.h */,
				A03335F01F09DCFF00BF8364 /* LZModuleListCellPad.m */,
			);
			name = LZMain;
			sourceTree = "<group>";
		};
		A0A4A36C1F064E1500FF15FF /* LZNavigation */ = {
			isa = PBXGroup;
			children = (
				A0A4A3691F064E0F00FF15FF /* LZNavigationViewControllerPad.h */,
				A0A4A36A1F064E0F00FF15FF /* LZNavigationViewControllerPad.m */,
			);
			name = LZNavigation;
			sourceTree = "<group>";
		};
/* End PBXGroup section */

/* Begin PBXNativeTarget section */
		A0A4A2CD1F0621FD00FF15FF /* M-plus */ = {
			isa = PBXNativeTarget;
			buildConfigurationList = A0A4A2FB1F0621FD00FF15FF /* Build configuration list for PBXNativeTarget "M-plus" */;
			buildPhases = (
				A0A4A2CA1F0621FD00FF15FF /* Sources */,
				A0A4A2CB1F0621FD00FF15FF /* Frameworks */,
				A0A4A2CC1F0621FD00FF15FF /* Resources */,
			);
			buildRules = (
			);
			dependencies = (
			);
			name = "M-plus";
			productName = "M-plus";
			productReference = A0A4A2CE1F0621FD00FF15FF /* M-plus.app */;
			productType = "com.apple.product-type.application";
		};
		A0A4A3041F06234C00FF15FF /* M-plusHD */ = {
			isa = PBXNativeTarget;
			buildConfigurationList = A0A4A30E1F06234C00FF15FF /* Build configuration list for PBXNativeTarget "M-plusHD" */;
			buildPhases = (
				A0A4A3051F06234C00FF15FF /* Sources */,
				A0A4A3091F06234C00FF15FF /* Frameworks */,
				A0A4A30A1F06234C00FF15FF /* Resources */,
			);
			buildRules = (
			);
			dependencies = (
			);
			name = "M-plusHD";
			productName = "M-plus";
			productReference = A0A4A3111F06234C00FF15FF /* M-plusHD.app */;
			productType = "com.apple.product-type.application";
		};
/* End PBXNativeTarget section */

/* Begin PBXProject section */
		A0A4A2C61F0621FD00FF15FF /* Project object */ = {
			isa = PBXProject;
			attributes = {
				LastUpgradeCheck = 0830;
				ORGANIZATIONNAME = lingzhi;
				TargetAttributes = {
					A0A4A2CD1F0621FD00FF15FF = {
						CreatedOnToolsVersion = 8.3.2;
						DevelopmentTeam = 37XK5Q288A;
						ProvisioningStyle = Automatic;
					};
					A0A4A3041F06234C00FF15FF = {
						DevelopmentTeam = 37XK5Q288A;
					};
				};
			};
			buildConfigurationList = A0A4A2C91F0621FD00FF15FF /* Build configuration list for PBXProject "M-plus" */;
			compatibilityVersion = "Xcode 3.2";
			developmentRegion = English;
			hasScannedForEncodings = 0;
			knownRegions = (
				en,
				Base,
			);
			mainGroup = A0A4A2C51F0621FD00FF15FF;
			productRefGroup = A0A4A2CF1F0621FD00FF15FF /* Products */;
			projectDirPath = "";
			projectRoot = "";
			targets = (
				A0A4A2CD1F0621FD00FF15FF /* M-plus */,
				A0A4A3041F06234C00FF15FF /* M-plusHD */,
			);
		};
/* End PBXProject section */

/* Begin PBXResourcesBuildPhase section */
		A0A4A2CC1F0621FD00FF15FF /* Resources */ = {
			isa = PBXResourcesBuildPhase;
			buildActionMask = 2147483647;
			files = (
				A0A4A2E11F0621FD00FF15FF /* LaunchScreen.storyboard in Resources */,
				A0A4A2DE1F0621FD00FF15FF /* Assets.xcassets in Resources */,
				A0A4A2DC1F0621FD00FF15FF /* Main.storyboard in Resources */,
			);
			runOnlyForDeploymentPostprocessing = 0;
		};
		A0A4A30A1F06234C00FF15FF /* Resources */ = {
			isa = PBXResourcesBuildPhase;
			buildActionMask = 2147483647;
			files = (
				A03336091F09EC2C00BF8364 /* pad_mplus_menu_work@2x.png in Resources */,
				A0A4A3531F063FD500FF15FF /* M-plusHD-Info.plist in Resources */,
				A03336041F09EC1800BF8364 /* pad_mplus_menu_contact_on@2x.png in Resources */,
				A03336101F09ECB500BF8364 /* pad_mplus_menu_more_on@2x.png in Resources */,
				A03336011F09EBFD00BF8364 /* pad_mplus_menu_message@2x.png in Resources */,
				A03336001F09EBFD00BF8364 /* pad_mplus_menu_message_on@2x.png in Resources */,
				A0A4A30B1F06234C00FF15FF /* LaunchScreen.storyboard in Resources */,
				A033360C1F09EC7100BF8364 /* pad_mplus_menu_doc_on@2x.png in Resources */,
				A03336181F09F1F600BF8364 /* pad_mplus_logo@2x.png in Resources */,
				A0A4A30C1F06234C00FF15FF /* Assets.xcassets in Resources */,
				A033360D1F09EC7100BF8364 /* pad_mplus_menu_doc@2x.png in Resources */,
				A03336111F09ECB500BF8364 /* pad_mplus_menu_more@2x.png in Resources */,
				A03336051F09EC1800BF8364 /* pad_mplus_menu_contact@2x.png in Resources */,
				A0A4A30D1F06234C00FF15FF /* Main.storyboard in Resources */,
				A03336081F09EC2C00BF8364 /* pad_mplus_menu_work_on@2x.png in Resources */,
			);
			runOnlyForDeploymentPostprocessing = 0;
		};
/* End PBXResourcesBuildPhase section */

/* Begin PBXSourcesBuildPhase section */
		A0A4A2CA1F0621FD00FF15FF /* Sources */ = {
			isa = PBXSourcesBuildPhase;
			buildActionMask = 2147483647;
			files = (
				A03335FB1F09E3C800BF8364 /* LZUtil.m in Sources */,
				A0A4A2D91F0621FD00FF15FF /* ViewController.m in Sources */,
				A0A4A2D61F0621FD00FF15FF /* AppDelegate.m in Sources */,
				A0A4A34A1F06384900FF15FF /* LZRootViewController.m in Sources */,
				A0A4A2D31F0621FD00FF15FF /* main.m in Sources */,
			);
			runOnlyForDeploymentPostprocessing = 0;
		};
		A0A4A3051F06234C00FF15FF /* Sources */ = {
			isa = PBXSourcesBuildPhase;
			buildActionMask = 2147483647;
			files = (
				A0A4A36B1F064E0F00FF15FF /* LZNavigationViewControllerPad.m in Sources */,
				A0F20BB71F0B41B700163625 /* LZMoreLevelTwoViewControllerPad.m in Sources */,
				A08279CB1F073217003CF5D0 /* LZModuleInfoPad.m in Sources */,
				A0A4A3061F06234C00FF15FF /* ViewController.m in Sources */,
				A0A4A3651F06430800FF15FF /* LZRootViewControllerPad.m in Sources */,
				A0A4A3071F06234C00FF15FF /* AppDelegate.m in Sources */,
				A033361C1F09F56E00BF8364 /* LZMoreViewControllerPad.m in Sources */,
				A03336251F09F6F000BF8364 /* LZWorkTableViewControllerPad.m in Sources */,
				A03335FC1F09E3C800BF8364 /* LZUtil.m in Sources */,
				A0A4A3681F06432900FF15FF /* LZMainViewControllerPad.m in Sources */,
				A03335F11F09DCFF00BF8364 /* LZModuleListCellPad.m in Sources */,
				A03336221F09F69B00BF8364 /* LZMessageLevelTwoViewControllerPad.m in Sources */,
				A0A4A35C1F06420A00FF15FF /* LZBaseViewControllerPad.m in Sources */,
				A033361F1F09F67C00BF8364 /* LZMessageViewControllerPad.m in Sources */,
				A0A4A3081F06234C00FF15FF /* main.m in Sources */,
				A03336281F09F74D00BF8364 /* LZContactViewControllerPad.m in Sources */,
				A0F20BBA1F0B41DD00163625 /* LZContactLevelTwoViewController.m in Sources */,
			);
			runOnlyForDeploymentPostprocessing = 0;
		};
/* End PBXSourcesBuildPhase section */

/* Begin PBXVariantGroup section */
		A0A4A2DA1F0621FD00FF15FF /* Main.storyboard */ = {
			isa = PBXVariantGroup;
			children = (
				A0A4A2DB1F0621FD00FF15FF /* Base */,
			);
			name = Main.storyboard;
			sourceTree = "<group>";
		};
		A0A4A2DF1F0621FD00FF15FF /* LaunchScreen.storyboard */ = {
			isa = PBXVariantGroup;
			children = (
				A0A4A2E01F0621FD00FF15FF /* Base */,
			);
			name = LaunchScreen.storyboard;
			sourceTree = "<group>";
		};
/* End PBXVariantGroup section */

/* Begin XCBuildConfiguration section */
		A0A4A2F91F0621FD00FF15FF /* Debug */ = {
			isa = XCBuildConfiguration;
			buildSettings = {
				ALWAYS_SEARCH_USER_PATHS = NO;
				CLANG_ANALYZER_NONNULL = YES;
				CLANG_ANALYZER_NUMBER_OBJECT_CONVERSION = YES_AGGRESSIVE;
				CLANG_CXX_LANGUAGE_STANDARD = "gnu++0x";
				CLANG_CXX_LIBRARY = "libc++";
				CLANG_ENABLE_MODULES = YES;
				CLANG_ENABLE_OBJC_ARC = YES;
				CLANG_WARN_BOOL_CONVERSION = YES;
				CLANG_WARN_CONSTANT_CONVERSION = YES;
				CLANG_WARN_DIRECT_OBJC_ISA_USAGE = YES_ERROR;
				CLANG_WARN_DOCUMENTATION_COMMENTS = YES;
				CLANG_WARN_EMPTY_BODY = YES;
				CLANG_WARN_ENUM_CONVERSION = YES;
				CLANG_WARN_INFINITE_RECURSION = YES;
				CLANG_WARN_INT_CONVERSION = YES;
				CLANG_WARN_OBJC_ROOT_CLASS = YES_ERROR;
				CLANG_WARN_SUSPICIOUS_MOVE = YES;
				CLANG_WARN_UNREACHABLE_CODE = YES;
				CLANG_WARN__DUPLICATE_METHOD_MATCH = YES;
				"CODE_SIGN_IDENTITY[sdk=iphoneos*]" = "iPhone Developer";
				COPY_PHASE_STRIP = NO;
				DEBUG_INFORMATION_FORMAT = dwarf;
				ENABLE_STRICT_OBJC_MSGSEND = YES;
				ENABLE_TESTABILITY = YES;
				GCC_C_LANGUAGE_STANDARD = gnu99;
				GCC_DYNAMIC_NO_PIC = NO;
				GCC_NO_COMMON_BLOCKS = YES;
				GCC_OPTIMIZATION_LEVEL = 0;
				GCC_PREPROCESSOR_DEFINITIONS = (
					"DEBUG=1",
					"$(inherited)",
				);
				GCC_WARN_64_TO_32_BIT_CONVERSION = YES;
				GCC_WARN_ABOUT_RETURN_TYPE = YES_ERROR;
				GCC_WARN_UNDECLARED_SELECTOR = YES;
				GCC_WARN_UNINITIALIZED_AUTOS = YES_AGGRESSIVE;
				GCC_WARN_UNUSED_FUNCTION = YES;
				GCC_WARN_UNUSED_VARIABLE = YES;
				IPHONEOS_DEPLOYMENT_TARGET = 10.3;
				MTL_ENABLE_DEBUG_INFO = YES;
				ONLY_ACTIVE_ARCH = YES;
				SDKROOT = iphoneos;
				TARGETED_DEVICE_FAMILY = "1,2";
			};
			name = Debug;
		};
		A0A4A2FA1F0621FD00FF15FF /* Release */ = {
			isa = XCBuildConfiguration;
			buildSettings = {
				ALWAYS_SEARCH_USER_PATHS = NO;
				CLANG_ANALYZER_NONNULL = YES;
				CLANG_ANALYZER_NUMBER_OBJECT_CONVERSION = YES_AGGRESSIVE;
				CLANG_CXX_LANGUAGE_STANDARD = "gnu++0x";
				CLANG_CXX_LIBRARY = "libc++";
				CLANG_ENABLE_MODULES = YES;
				CLANG_ENABLE_OBJC_ARC = YES;
				CLANG_WARN_BOOL_CONVERSION = YES;
				CLANG_WARN_CONSTANT_CONVERSION = YES;
				CLANG_WARN_DIRECT_OBJC_ISA_USAGE = YES_ERROR;
				CLANG_WARN_DOCUMENTATION_COMMENTS = YES;
				CLANG_WARN_EMPTY_BODY = YES;
				CLANG_WARN_ENUM_CONVERSION = YES;
				CLANG_WARN_INFINITE_RECURSION = YES;
				CLANG_WARN_INT_CONVERSION = YES;
				CLANG_WARN_OBJC_ROOT_CLASS = YES_ERROR;
				CLANG_WARN_SUSPICIOUS_MOVE = YES;
				CLANG_WARN_UNREACHABLE_CODE = YES;
				CLANG_WARN__DUPLICATE_METHOD_MATCH = YES;
				"CODE_SIGN_IDENTITY[sdk=iphoneos*]" = "iPhone Developer";
				COPY_PHASE_STRIP = NO;
				DEBUG_INFORMATION_FORMAT = "dwarf-with-dsym";
				ENABLE_NS_ASSERTIONS = NO;
				ENABLE_STRICT_OBJC_MSGSEND = YES;
				GCC_C_LANGUAGE_STANDARD = gnu99;
				GCC_NO_COMMON_BLOCKS = YES;
				GCC_WARN_64_TO_32_BIT_CONVERSION = YES;
				GCC_WARN_ABOUT_RETURN_TYPE = YES_ERROR;
				GCC_WARN_UNDECLARED_SELECTOR = YES;
				GCC_WARN_UNINITIALIZED_AUTOS = YES_AGGRESSIVE;
				GCC_WARN_UNUSED_FUNCTION = YES;
				GCC_WARN_UNUSED_VARIABLE = YES;
				IPHONEOS_DEPLOYMENT_TARGET = 10.3;
				MTL_ENABLE_DEBUG_INFO = NO;
				SDKROOT = iphoneos;
				TARGETED_DEVICE_FAMILY = "1,2";
				VALIDATE_PRODUCT = YES;
			};
			name = Release;
		};
		A0A4A2FC1F0621FD00FF15FF /* Debug */ = {
			isa = XCBuildConfiguration;
			buildSettings = {
				ASSETCATALOG_COMPILER_APPICON_NAME = AppIcon;
				DEVELOPMENT_TEAM = 37XK5Q288A;
				GCC_PREPROCESSOR_DEFINITIONS = "TARGET_VERSION_TYPE=1";
				INFOPLIST_FILE = "M-plus/Info.plist";
				IPHONEOS_DEPLOYMENT_TARGET = 8.0;
				LD_RUNPATH_SEARCH_PATHS = "$(inherited) @executable_path/Frameworks";
				PRODUCT_BUNDLE_IDENTIFIER = "com.cloundcentral.clound.M-plus";
				PRODUCT_NAME = "$(TARGET_NAME)";
				TARGETED_DEVICE_FAMILY = 1;
			};
			name = Debug;
		};
		A0A4A2FD1F0621FD00FF15FF /* Release */ = {
			isa = XCBuildConfiguration;
			buildSettings = {
				ASSETCATALOG_COMPILER_APPICON_NAME = AppIcon;
				DEVELOPMENT_TEAM = 37XK5Q288A;
				GCC_PREPROCESSOR_DEFINITIONS = "TARGET_VERSION_TYPE=1";
				INFOPLIST_FILE = "M-plus/Info.plist";
				IPHONEOS_DEPLOYMENT_TARGET = 8.0;
				LD_RUNPATH_SEARCH_PATHS = "$(inherited) @executable_path/Frameworks";
				PRODUCT_BUNDLE_IDENTIFIER = "com.cloundcentral.clound.M-plus";
				PRODUCT_NAME = "$(TARGET_NAME)";
				TARGETED_DEVICE_FAMILY = 1;
			};
			name = Release;
		};
		A0A4A30F1F06234C00FF15FF /* Debug */ = {
			isa = XCBuildConfiguration;
			buildSettings = {
				ASSETCATALOG_COMPILER_APPICON_NAME = AppIcon;
				DEVELOPMENT_TEAM = 37XK5Q288A;
				GCC_PREPROCESSOR_DEFINITIONS = "TARGET_VERSION_TYPE=2";
				INFOPLIST_FILE = "$(SRCROOT)/M-plusHD-Info.plist";
				IPHONEOS_DEPLOYMENT_TARGET = 8.0;
				LD_RUNPATH_SEARCH_PATHS = "$(inherited) @executable_path/Frameworks";
				PRODUCT_BUNDLE_IDENTIFIER = "com.cloundcentral.clound.M-plus";
				PRODUCT_NAME = "$(TARGET_NAME)";
				TARGETED_DEVICE_FAMILY = 2;
			};
			name = Debug;
		};
		A0A4A3101F06234C00FF15FF /* Release */ = {
			isa = XCBuildConfiguration;
			buildSettings = {
				ASSETCATALOG_COMPILER_APPICON_NAME = AppIcon;
				DEVELOPMENT_TEAM = 37XK5Q288A;
				GCC_PREPROCESSOR_DEFINITIONS = "TARGET_VERSION_TYPE=2";
				INFOPLIST_FILE = "$(SRCROOT)/M-plusHD-Info.plist";
				IPHONEOS_DEPLOYMENT_TARGET = 8.0;
				LD_RUNPATH_SEARCH_PATHS = "$(inherited) @executable_path/Frameworks";
				PRODUCT_BUNDLE_IDENTIFIER = "com.cloundcentral.clound.M-plus";
				PRODUCT_NAME = "$(TARGET_NAME)";
				TARGETED_DEVICE_FAMILY = 2;
			};
			name = Release;
		};
/* End XCBuildConfiguration section */

/* Begin XCConfigurationList section */
		A0A4A2C91F0621FD00FF15FF /* Build configuration list for PBXProject "M-plus" */ = {
			isa = XCConfigurationList;
			buildConfigurations = (
				A0A4A2F91F0621FD00FF15FF /* Debug */,
				A0A4A2FA1F0621FD00FF15FF /* Release */,
			);
			defaultConfigurationIsVisible = 0;
			defaultConfigurationName = Release;
		};
		A0A4A2FB1F0621FD00FF15FF /* Build configuration list for PBXNativeTarget "M-plus" */ = {
			isa = XCConfigurationList;
			buildConfigurations = (
				A0A4A2FC1F0621FD00FF15FF /* Debug */,
				A0A4A2FD1F0621FD00FF15FF /* Release */,
			);
			defaultConfigurationIsVisible = 0;
			defaultConfigurationName = Release;
		};
		A0A4A30E1F06234C00FF15FF /* Build configuration list for PBXNativeTarget "M-plusHD" */ = {
			isa = XCConfigurationList;
			buildConfigurations = (
				A0A4A30F1F06234C00FF15FF /* Debug */,
				A0A4A3101F06234C00FF15FF /* Release */,
			);
			defaultConfigurationIsVisible = 0;
			defaultConfigurationName = Release;
		};
/* End XCConfigurationList section */
	};
	rootObject = A0A4A2C61F0621FD00FF15FF /* Project object */;
}
